
Microsoft Visual Studio Solution File, Format Version 12.00
# Visual Studio Version 17
VisualStudioVersion = 17.6.33723.286
MinimumVisualStudioVersion = 10.0.40219.1
Project("{FAE04EC0-301F-11D3-BF4B-00C04F79EFBC}") = "ScriptEditor", "ScriptEditor\ScriptEditor.csproj", "{D18D9067-46DA-42FE-A0BF-A2FD145F9A39}"
EndProject
Project("{FAE04EC0-301F-11D3-BF4B-00C04F79EFBC}") = "AKB148GDumpText", "AKB148GDumpText\AKB148GDumpText.csproj", "{A11D8836-C480-4F9A-970D-972D11A00DDA}"
EndProject
Project("{FAE04EC0-301F-11D3-BF4B-00C04F79EFBC}") = "AKB148GASBEdit", "AKB148GASBEdit\AKB148GASBEdit.csproj", "{5EEB6A9B-448D-42DA-B29E-ADCC2E858843}"
EndProject
Project("{FAE04EC0-301F-11D3-BF4B-00C04F79EFBC}") = "AKB148GASBLib", "AKB148GASBLib\AKB148GASBLib.csproj", "{D6CFEEF2-5AF3-4908-B5C7-67B62B87ED7C}"
EndProject
Project("{FAE04EC0-301F-11D3-BF4B-00C04F79EFBC}") = "CMPTSTR", "CMPTSTR\CMPTSTR.csproj", "{B9075C43-F68D-4107-A3A0-4A35C255AE8E}"
EndProject
Project("{2150E333-8FDC-42A3-9474-1A3956D46DE8}") = "Solution Items", "Solution Items", "{35B96CE1-787B-42A1-AD7D-80892264D27A}"
	ProjectSection(SolutionItems) = preProject
		..\README.md = ..\README.md
	EndProjectSection
EndProject
Project("{FAE04EC0-301F-11D3-BF4B-00C04F79EFBC}") = "APKUnpack", "APKUnpack\APKUnpack.csproj", "{F80A7C64-D718-4232-8714-1D33D79FA199}"
EndProject
Project("{FAE04EC0-301F-11D3-BF4B-00C04F79EFBC}") = "EndianBinaryReader", "EndianBinaryReader\EndianBinaryReader.csproj", "{4E6E3E08-0CF9-4548-BF0F-B10F793B3798}"
EndProject
Project("{FAE04EC0-301F-11D3-BF4B-00C04F79EFBC}") = "ASBTests", "ASBTests\ASBTests.csproj", "{6AE37BBE-8AE7-424F-AEA6-99FE2E5A46DE}"
EndProject
Project("{FAE04EC0-301F-11D3-BF4B-00C04F79EFBC}") = "StoryTest", "StoryTest\StoryTest.csproj", "{C91D78B4-7171-43D2-B22E-F8761B12E688}"
EndProject
Project("{FAE04EC0-301F-11D3-BF4B-00C04F79EFBC}") = "2dcDump", "2dcDump\2dcDump.csproj", "{D0281A38-78F7-4F1C-B27B-F66E2C8CE2F6}"
EndProject
Project("{FAE04EC0-301F-11D3-BF4B-00C04F79EFBC}") = "2dcSticher", "2dcSticher\2dcSticher.csproj", "{0535FB00-A438-4035-BA4A-F8AA1FDE513A}"
EndProject
Project("{FAE04EC0-301F-11D3-BF4B-00C04F79EFBC}") = "APKUnpackPS3", "APKUnpackPS3\APKUnpackPS3.csproj", "{FCAF63B1-4F40-4B65-8F36-9CA32A07607C}"
EndProject
Global
	GlobalSection(SolutionConfigurationPlatforms) = preSolution
		Debug|x64 = Debug|x64
		Release|x64 = Release|x64
	EndGlobalSection
	GlobalSection(ProjectConfigurationPlatforms) = postSolution
		{D18D9067-46DA-42FE-A0BF-A2FD145F9A39}.Debug|x64.ActiveCfg = Debug|x64
		{D18D9067-46DA-42FE-A0BF-A2FD145F9A39}.Debug|x64.Build.0 = Debug|x64
		{D18D9067-46DA-42FE-A0BF-A2FD145F9A39}.Release|x64.ActiveCfg = Release|x64
		{D18D9067-46DA-42FE-A0BF-A2FD145F9A39}.Release|x64.Build.0 = Release|x64
		{A11D8836-C480-4F9A-970D-972D11A00DDA}.Debug|x64.ActiveCfg = Debug|x64
		{A11D8836-C480-4F9A-970D-972D11A00DDA}.Debug|x64.Build.0 = Debug|x64
		{A11D8836-C480-4F9A-970D-972D11A00DDA}.Release|x64.ActiveCfg = Release|x64
		{A11D8836-C480-4F9A-970D-972D11A00DDA}.Release|x64.Build.0 = Release|x64
		{5EEB6A9B-448D-42DA-B29E-ADCC2E858843}.Debug|x64.ActiveCfg = Debug|x64
		{5EEB6A9B-448D-42DA-B29E-ADCC2E858843}.Debug|x64.Build.0 = Debug|x64
		{5EEB6A9B-448D-42DA-B29E-ADCC2E858843}.Release|x64.ActiveCfg = Release|x64
		{5EEB6A9B-448D-42DA-B29E-ADCC2E858843}.Release|x64.Build.0 = Release|x64
		{D6CFEEF2-5AF3-4908-B5C7-67B62B87ED7C}.Debug|x64.ActiveCfg = Debug|x64
		{D6CFEEF2-5AF3-4908-B5C7-67B62B87ED7C}.Debug|x64.Build.0 = Debug|x64
		{D6CFEEF2-5AF3-4908-B5C7-67B62B87ED7C}.Release|x64.ActiveCfg = Release|x64
		{D6CFEEF2-5AF3-4908-B5C7-67B62B87ED7C}.Release|x64.Build.0 = Release|x64
		{B9075C43-F68D-4107-A3A0-4A35C255AE8E}.Debug|x64.ActiveCfg = Debug|x64
		{B9075C43-F68D-4107-A3A0-4A35C255AE8E}.Debug|x64.Build.0 = Debug|x64
		{B9075C43-F68D-4107-A3A0-4A35C255AE8E}.Release|x64.ActiveCfg = Release|x64
		{B9075C43-F68D-4107-A3A0-4A35C255AE8E}.Release|x64.Build.0 = Release|x64
		{F80A7C64-D718-4232-8714-1D33D79FA199}.Debug|x64.ActiveCfg = Debug|x64
		{F80A7C64-D718-4232-8714-1D33D79FA199}.Debug|x64.Build.0 = Debug|x64
		{F80A7C64-D718-4232-8714-1D33D79FA199}.Release|x64.ActiveCfg = Release|x64
		{F80A7C64-D718-4232-8714-1D33D79FA199}.Release|x64.Build.0 = Release|x64
		{4E6E3E08-0CF9-4548-BF0F-B10F793B3798}.Debug|x64.ActiveCfg = Debug|x64
		{4E6E3E08-0CF9-4548-BF0F-B10F793B3798}.Debug|x64.Build.0 = Debug|x64
		{4E6E3E08-0CF9-4548-BF0F-B10F793B3798}.Release|x64.ActiveCfg = Release|x64
		{4E6E3E08-0CF9-4548-BF0F-B10F793B3798}.Release|x64.Build.0 = Release|x64
		{6AE37BBE-8AE7-424F-AEA6-99FE2E5A46DE}.Debug|x64.ActiveCfg = Debug|x64
		{6AE37BBE-8AE7-424F-AEA6-99FE2E5A46DE}.Debug|x64.Build.0 = Debug|x64
		{6AE37BBE-8AE7-424F-AEA6-99FE2E5A46DE}.Release|x64.ActiveCfg = Release|x64
		{6AE37BBE-8AE7-424F-AEA6-99FE2E5A46DE}.Release|x64.Build.0 = Release|x64
		{C91D78B4-7171-43D2-B22E-F8761B12E688}.Debug|x64.ActiveCfg = Debug|x64
		{C91D78B4-7171-43D2-B22E-F8761B12E688}.Debug|x64.Build.0 = Debug|x64
		{C91D78B4-7171-43D2-B22E-F8761B12E688}.Release|x64.ActiveCfg = Release|x64
		{C91D78B4-7171-43D2-B22E-F8761B12E688}.Release|x64.Build.0 = Release|x64
		{D0281A38-78F7-4F1C-B27B-F66E2C8CE2F6}.Debug|x64.ActiveCfg = Debug|x64
		{D0281A38-78F7-4F1C-B27B-F66E2C8CE2F6}.Debug|x64.Build.0 = Debug|x64
		{D0281A38-78F7-4F1C-B27B-F66E2C8CE2F6}.Release|x64.ActiveCfg = Release|x64
		{D0281A38-78F7-4F1C-B27B-F66E2C8CE2F6}.Release|x64.Build.0 = Release|x64
		{0535FB00-A438-4035-BA4A-F8AA1FDE513A}.Debug|x64.ActiveCfg = Debug|x64
		{0535FB00-A438-4035-BA4A-F8AA1FDE513A}.Debug|x64.Build.0 = Debug|x64
		{0535FB00-A438-4035-BA4A-F8AA1FDE513A}.Release|x64.ActiveCfg = Release|x64
		{0535FB00-A438-4035-BA4A-F8AA1FDE513A}.Release|x64.Build.0 = Release|x64
		{FCAF63B1-4F40-4B65-8F36-9CA32A07607C}.Debug|x64.ActiveCfg = Debug|x64
		{FCAF63B1-4F40-4B65-8F36-9CA32A07607C}.Debug|x64.Build.0 = Debug|x64
		{FCAF63B1-4F40-4B65-8F36-9CA32A07607C}.Release|x64.ActiveCfg = Release|x64
		{FCAF63B1-4F40-4B65-8F36-9CA32A07607C}.Release|x64.Build.0 = Release|x64
	EndGlobalSection
	GlobalSection(SolutionProperties) = preSolution
		HideSolutionNode = FALSE
	EndGlobalSection
	GlobalSection(ExtensibilityGlobals) = postSolution
		SolutionGuid = {0D318F16-C9CC-484E-BA75-5B50AFC048FE}
	EndGlobalSection
EndGlobal
